{
  "name": "html_electron",
  "version": "1.0.0",
  "lockfileVersion": 1,
  "requires": true,
  "dependencies": {
    "diff": {
      "version": "https://registry.npmjs.org/diff/-/diff-3.4.0.tgz",
      "integrity": "sha1-sdhVB9rzlkgo3lSzfQ1zumfdpWw="
    },
    "has-flag": {
      "version": "https://registry.npmjs.org/has-flag/-/has-flag-2.0.0.tgz",
      "integrity": "sha1-6CB68cx7MNRGzHC3NLXovhj4jVE="
    },
    "supports-color": {
      "version": "https://registry.npmjs.org/supports-color/-/supports-color-5.0.0.tgz",
      "integrity": "sha1-HbJiKfauAvms21QQkHw2zi42KxM=",
      "requires": {
        "has-flag": "https://registry.npmjs.org/has-flag/-/has-flag-2.0.0.tgz"
      }
    }
  }
}
